
Microsoft Visual Studio Solution File, Format Version 12.00
# Visual Studio Version 17
VisualStudioVersion = 17.11.35327.3
MinimumVisualStudioVersion = 10.0.40219.1
Project("{FAE04EC0-301F-11D3-BF4B-00C04F79EFBC}") = "DocuSign csv to many-xml tool CS", "DocuSign csv to many-xml tool CS\DocuSign csv to many-xml tool CS.csproj", "{3A0856CD-5DEC-4725-A799-283285A425B8}"
EndProject
Global
	GlobalSection(SolutionConfigurationPlatforms) = preSolution
		Debug|Any CPU = Debug|Any CPU
		Release|Any CPU = Release|Any CPU
	EndGlobalSection
	GlobalSection(ProjectConfigurationPlatforms) = postSolution
		{3A0856CD-5DEC-4725-A799-283285A425B8}.Debug|Any CPU.ActiveCfg = Debug|Any CPU
		{3A0856CD-5DEC-4725-A799-283285A425B8}.Debug|Any CPU.Build.0 = Debug|Any CPU
		{3A0856CD-5DEC-4725-A799-283285A425B8}.Release|Any CPU.ActiveCfg = Release|Any CPU
		{3A0856CD-5DEC-4725-A799-283285A425B8}.Release|Any CPU.Build.0 = Release|Any CPU
	EndGlobalSection
	GlobalSection(SolutionProperties) = preSolution
		HideSolutionNode = FALSE
	EndGlobalSection
	GlobalSection(ExtensibilityGlobals) = postSolution
		SolutionGuid = {A01ADF7D-781F-48F4-9818-5E322F9C309F}
	EndGlobalSection
EndGlobal
